
Microsoft Visual Studio Solution File, Format Version 12.00
# Visual Studio Version 17
VisualStudioVersion = 17.5.33424.131
MinimumVisualStudioVersion = 10.0.40219.1
Project("{9A19103F-16F7-4668-BE54-9A1E7A4F7556}") = "FinanceApp", "FinanceApp\FinanceApp.csproj", "{4E5306AC-4470-4227-A870-B8526FCD8E34}"
EndProject
Project("{9A19103F-16F7-4668-BE54-9A1E7A4F7556}") = "FinanceApp.DataAccess", "FinanceApp.DataAccess\FinanceApp.DataAccess.csproj", "{CED44631-3E76-484D-A925-7E16F0516991}"
EndProject
Project("{9A19103F-16F7-4668-BE54-9A1E7A4F7556}") = "FinanceApp.Services", "FinanceApp.Services\FinanceApp.Services.csproj", "{85211F06-8812-43C1-8C96-E14E18C8ED98}"
EndProject
Global
	GlobalSection(SolutionConfigurationPlatforms) = preSolution
		Debug|Any CPU = Debug|Any CPU
		Release|Any CPU = Release|Any CPU
	EndGlobalSection
	GlobalSection(ProjectConfigurationPlatforms) = postSolution
		{4E5306AC-4470-4227-A870-B8526FCD8E34}.Debug|Any CPU.ActiveCfg = Debug|Any CPU
		{4E5306AC-4470-4227-A870-B8526FCD8E34}.Debug|Any CPU.Build.0 = Debug|Any CPU
		{4E5306AC-4470-4227-A870-B8526FCD8E34}.Release|Any CPU.ActiveCfg = Release|Any CPU
		{4E5306AC-4470-4227-A870-B8526FCD8E34}.Release|Any CPU.Build.0 = Release|Any CPU
		{CED44631-3E76-484D-A925-7E16F0516991}.Debug|Any CPU.ActiveCfg = Debug|Any CPU
		{CED44631-3E76-484D-A925-7E16F0516991}.Debug|Any CPU.Build.0 = Debug|Any CPU
		{CED44631-3E76-484D-A925-7E16F0516991}.Release|Any CPU.ActiveCfg = Release|Any CPU
		{CED44631-3E76-484D-A925-7E16F0516991}.Release|Any CPU.Build.0 = Release|Any CPU
		{85211F06-8812-43C1-8C96-E14E18C8ED98}.Debug|Any CPU.ActiveCfg = Debug|Any CPU
		{85211F06-8812-43C1-8C96-E14E18C8ED98}.Debug|Any CPU.Build.0 = Debug|Any CPU
		{85211F06-8812-43C1-8C96-E14E18C8ED98}.Release|Any CPU.ActiveCfg = Release|Any CPU
		{85211F06-8812-43C1-8C96-E14E18C8ED98}.Release|Any CPU.Build.0 = Release|Any CPU
	EndGlobalSection
	GlobalSection(SolutionProperties) = preSolution
		HideSolutionNode = FALSE
	EndGlobalSection
	GlobalSection(ExtensibilityGlobals) = postSolution
		SolutionGuid = {7541E1D8-5654-4E2E-9F8E-0BD1804B06CA}
	EndGlobalSection
EndGlobal
